// !$*UTF8*$!
{
	archiveVersion = 1;
	classes = {
	};
	objectVersion = 56;
	objects = {

/* Begin PBXBuildFile section */
		152DD2C529BA202D001288EA /* AppDelegate.swift in Sources */ = {isa = PBXBuildFile; fileRef = 152DD2C429BA202D001288EA /* AppDelegate.swift */; };
		152DD2C729BA202D001288EA /* SceneDelegate.swift in Sources */ = {isa = PBXBuildFile; fileRef = 152DD2C629BA202D001288EA /* SceneDelegate.swift */; };
		152DD2C929BA202D001288EA /* ViewController.swift in Sources */ = {isa = PBXBuildFile; fileRef = 152DD2C829BA202D001288EA /* ViewController.swift */; };
		152DD2CC29BA202D001288EA /* Main.storyboard in Resources */ = {isa = PBXBuildFile; fileRef = 152DD2CA29BA202D001288EA /* Main.storyboard */; };
		152DD2CF29BA202D001288EA /* inApp.xcdatamodeld in Sources */ = {isa = PBXBuildFile; fileRef = 152DD2CD29BA202D001288EA /* inApp.xcdatamodeld */; };
		152DD2D129BA202E001288EA /* Assets.xcassets in Resources */ = {isa = PBXBuildFile; fileRef = 152DD2D029BA202E001288EA /* Assets.xcassets */; };
		152DD2D429BA202E001288EA /* LaunchScreen.storyboard in Resources */ = {isa = PBXBuildFile; fileRef = 152DD2D229BA202E001288EA /* LaunchScreen.storyboard */; };
		152DD2DD29BA20B4001288EA /* Detail+CoreDataClass.swift in Sources */ = {isa = PBXBuildFile; fileRef = 152DD2DB29BA20B4001288EA /* Detail+CoreDataClass.swift */; };
		152DD2DE29BA20B4001288EA /* Detail+CoreDataProperties.swift in Sources */ = {isa = PBXBuildFile; fileRef = 152DD2DC29BA20B4001288EA /* Detail+CoreDataProperties.swift */; };
/* End PBXBuildFile section */

/* Begin PBXFileReference section */
		152DD2C129BA202D001288EA /* inApp.app */ = {isa = PBXFileReference; explicitFileType = wrapper.application; includeInIndex = 0; path = inApp.app; sourceTree = BUILT_PRODUCTS_DIR; };
		152DD2C429BA202D001288EA /* AppDelegate.swift */ = {isa = PBXFileReference; lastKnownFileType = sourcecode.swift; path = AppDelegate.swift; sourceTree = "<group>"; };
		152DD2C629BA202D001288EA /* SceneDelegate.swift */ = {isa = PBXFileReference; lastKnownFileType = sourcecode.swift; path = SceneDelegate.swift; sourceTree = "<group>"; };
		152DD2C829BA202D001288EA /* ViewController.swift */ = {isa = PBXFileReference; lastKnownFileType = sourcecode.swift; path = ViewController.swift; sourceTree = "<group>"; };
		152DD2CB29BA202D001288EA /* Base */ = {isa = PBXFileReference; lastKnownFileType = file.storyboard; name = Base; path = Base.lproj/Main.storyboard; sourceTree = "<group>"; };
		152DD2CE29BA202D001288EA /* inApp.xcdatamodel */ = {isa = PBXFileReference; lastKnownFileType = wrapper.xcdatamodel; path = inApp.xcdatamodel; sourceTree = "<group>"; };
		152DD2D029BA202E001288EA /* Assets.xcassets */ = {isa = PBXFileReference; lastKnownFileType = folder.assetcatalog; path = Assets.xcassets; sourceTree = "<group>"; };
		152DD2D329BA202E001288EA /* Base */ = {isa = PBXFileReference; lastKnownFileType = file.storyboard; name = Base; path = Base.lproj/LaunchScreen.storyboard; sourceTree = "<group>"; };
		152DD2D529BA202E001288EA /* Info.plist */ = {isa = PBXFileReference; lastKnownFileType = text.plist.xml; path = Info.plist; sourceTree = "<group>"; };
		152DD2DB29BA20B4001288EA /* Detail+CoreDataClass.swift */ = {isa = PBXFileReference; lastKnownFileType = sourcecode.swift; path = "Detail+CoreDataClass.swift"; sourceTree = "<group>"; };
		152DD2DC29BA20B4001288EA /* Detail+CoreDataProperties.swift */ = {isa = PBXFileReference; lastKnownFileType = sourcecode.swift; path = "Detail+CoreDataProperties.swift"; sourceTree = "<group>"; };
/* End PBXFileReference section */

/* Begin PBXFrameworksBuildPhase section */
		152DD2BE29BA202D001288EA /* Frameworks */ = {
			isa = PBXFrameworksBuildPhase;
			buildActionMask = 2147483647;
			files = (
			);
			runOnlyForDeploymentPostprocessing = 0;
		};
/* End PBXFrameworksBuildPhase section */

/* Begin PBXGroup section */
		152DD2B829BA202D001288EA = {
			isa = PBXGroup;
			children = (
				152DD2DB29BA20B4001288EA /* Detail+CoreDataClass.swift */,
				152DD2DC29BA20B4001288EA /* Detail+CoreDataProperties.swift */,
				152DD2C329BA202D001288EA /* inApp */,
				152DD2C229BA202D001288EA /* Products */,
			);
			sourceTree = "<group>";
		};
		152DD2C229BA202D001288EA /* Products */ = {
			isa = PBXGroup;
			children = (
				152DD2C129BA202D001288EA /* inApp.app */,
			);
			name = Products;
			sourceTree = "<group>";
		};
		152DD2C329BA202D001288EA /* inApp */ = {
			isa = PBXGroup;
			children = (
				152DD2C429BA202D001288EA /* AppDelegate.swift */,
				152DD2C629BA202D001288EA /* SceneDelegate.swift */,
				152DD2C829BA202D001288EA /* ViewController.swift */,
				152DD2CA29BA202D001288EA /* Main.storyboard */,
				152DD2D029BA202E001288EA /* Assets.xcassets */,
				152DD2D229BA202E001288EA /* LaunchScreen.storyboard */,
				152DD2D529BA202E001288EA /* Info.plist */,
				152DD2CD29BA202D001288EA /* inApp.xcdatamodeld */,
			);
			path = inApp;
			sourceTree = "<group>";
		};
/* End PBXGroup section */

/* Begin PBXNativeTarget section */
		152DD2C029BA202D001288EA /* inApp */ = {
			isa = PBXNativeTarget;
			buildConfigurationList = 152DD2D829BA202E001288EA /* Build configuration list for PBXNativeTarget "inApp" */;
			buildPhases = (
				152DD2BD29BA202D001288EA /* Sources */,
				152DD2BE29BA202D001288EA /* Frameworks */,
				152DD2BF29BA202D001288EA /* Resources */,
			);
			buildRules = (
			);
			dependencies = (
			);
			name = inApp;
			productName = inApp;
			productReference = 152DD2C129BA202D001288EA /* inApp.app */;
			productType = "com.apple.product-type.application";
		};
/* End PBXNativeTarget section */

/* Begin PBXProject section */
		152DD2B929BA202D001288EA /* Project object */ = {
			isa = PBXProject;
			attributes = {
				BuildIndependentTargetsInParallel = 1;
				LastSwiftUpdateCheck = 1410;
				LastUpgradeCheck = 1410;
				TargetAttributes = {
					152DD2C029BA202D001288EA = {
						CreatedOnToolsVersion = 14.1;
					};
				};
			};
			buildConfigurationList = 152DD2BC29BA202D001288EA /* Build configuration list for PBXProject "inApp" */;
			compatibilityVersion = "Xcode 14.0";
			developmentRegion = en;
			hasScannedForEncodings = 0;
			knownRegions = (
				en,
				Base,
			);
			mainGroup = 152DD2B829BA202D001288EA;
			productRefGroup = 152DD2C229BA202D001288EA /* Products */;
			projectDirPath = "";
			projectRoot = "";
			targets = (
				152DD2C029BA202D001288EA /* inApp */,
			);
		};
/* End PBXProject section */

/* Begin PBXResourcesBuildPhase section */
		152DD2BF29BA202D001288EA /* Resources */ = {
			isa = PBXResourcesBuildPhase;
			buildActionMask = 2147483647;
			files = (
				152DD2D429BA202E001288EA /* LaunchScreen.storyboard in Resources */,
				152DD2D129BA202E001288EA /* Assets.xcassets in Resources */,
				152DD2CC29BA202D001288EA /* Main.storyboard in Resources */,
			);
			runOnlyForDeploymentPostprocessing = 0;
		};
/* End PBXResourcesBuildPhase section */

/* Begin PBXSourcesBuildPhase section */
		152DD2BD29BA202D001288EA /* Sources */ = {
			isa = PBXSourcesBuildPhase;
			buildActionMask = 2147483647;
			files = (
				152DD2DE29BA20B4001288EA /* Detail+CoreDataProperties.swift in Sources */,
				152DD2C929BA202D001288EA /* ViewController.swift in Sources */,
				152DD2C529BA202D001288EA /* AppDelegate.swift in Sources */,
				152DD2CF29BA202D001288EA /* inApp.xcdatamodeld in Sources */,
				152DD2DD29BA20B4001288EA /* Detail+CoreDataClass.swift in Sources */,
				152DD2C729BA202D001288EA /* SceneDelegate.swift in Sources */,
			);
			runOnlyForDeploymentPostprocessing = 0;
		};
/* End PBXSourcesBuildPhase section */

/* Begin PBXVariantGroup section */
		152DD2CA29BA202D001288EA /* Main.storyboard */ = {
			isa = PBXVariantGroup;
			children = (
				152DD2CB29BA202D001288EA /* Base */,
			);
			name = Main.storyboard;
			sourceTree = "<group>";
		};
		152DD2D229BA202E001288EA /* LaunchScreen.storyboard */ = {
			isa = PBXVariantGroup;
			children = (
				152DD2D329BA202E001288EA /* Base */,
			);
			name = LaunchScreen.storyboard;
			sourceTree = "<group>";
		};
/* End PBXVariantGroup section */

/* Begin XCBuildConfiguration section */
		152DD2D629BA202E001288EA /* Debug */ = {
			isa = XCBuildConfiguration;
			buildSettings = {
				ALWAYS_SEARCH_USER_PATHS = NO;
				CLANG_ANALYZER_NONNULL = YES;
				CLANG_ANALYZER_NUMBER_OBJECT_CONVERSION = YES_AGGRESSIVE;
				CLANG_CXX_LANGUAGE_STANDARD = "gnu++20";
				CLANG_ENABLE_MODULES = YES;
				CLANG_ENABLE_OBJC_ARC = YES;
				CLANG_ENABLE_OBJC_WEAK = YES;
				CLANG_WARN_BLOCK_CAPTURE_AUTORELEASING = YES;
				CLANG_WARN_BOOL_CONVERSION = YES;
				CLANG_WARN_COMMA = YES;
				CLANG_WARN_CONSTANT_CONVERSION = YES;
				CLANG_WARN_DEPRECATED_OBJC_IMPLEMENTATIONS = YES;
				CLANG_WARN_DIRECT_OBJC_ISA_USAGE = YES_ERROR;
				CLANG_WARN_DOCUMENTATION_COMMENTS = YES;
				CLANG_WARN_EMPTY_BODY = YES;
				CLANG_WARN_ENUM_CONVERSION = YES;
				CLANG_WARN_INFINITE_RECURSION = YES;
				CLANG_WARN_INT_CONVERSION = YES;
				CLANG_WARN_NON_LITERAL_NULL_CONVERSION = YES;
				CLANG_WARN_OBJC_IMPLICIT_RETAIN_SELF = YES;
				CLANG_WARN_OBJC_LITERAL_CONVERSION = YES;
				CLANG_WARN_OBJC_ROOT_CLASS = YES_ERROR;
				CLANG_WARN_QUOTED_INCLUDE_IN_FRAMEWORK_HEADER = YES;
				CLANG_WARN_RANGE_LOOP_ANALYSIS = YES;
				CLANG_WARN_STRICT_PROTOTYPES = YES;
				CLANG_WARN_SUSPICIOUS_MOVE = YES;
				CLANG_WARN_UNGUARDED_AVAILABILITY = YES_AGGRESSIVE;
				CLANG_WARN_UNREACHABLE_CODE = YES;
				CLANG_WARN__DUPLICATE_METHOD_MATCH = YES;
				COPY_PHASE_STRIP = NO;
				DEBUG_INFORMATION_FORMAT = dwarf;
				ENABLE_STRICT_OBJC_MSGSEND = YES;
				ENABLE_TESTABILITY = YES;
				GCC_C_LANGUAGE_STANDARD = gnu11;
				GCC_DYNAMIC_NO_PIC = NO;
				GCC_NO_COMMON_BLOCKS = YES;
				GCC_OPTIMIZATION_LEVEL = 0;
				GCC_PREPROCESSOR_DEFINITIONS = (
					"DEBUG=1",
					"$(inherited)",
				);
				GCC_WARN_64_TO_32_BIT_CONVERSION = YES;
				GCC_WARN_ABOUT_RETURN_TYPE = YES_ERROR;
				GCC_WARN_UNDECLARED_SELECTOR = YES;
				GCC_WARN_UNINITIALIZED_AUTOS = YES_AGGRESSIVE;
				GCC_WARN_UNUSED_FUNCTION = YES;
				GCC_WARN_UNUSED_VARIABLE = YES;
				IPHONEOS_DEPLOYMENT_TARGET = 16.1;
				MTL_ENABLE_DEBUG_INFO = INCLUDE_SOURCE;
				MTL_FAST_MATH = YES;
				ONLY_ACTIVE_ARCH = YES;
				SDKROOT = iphoneos;
				SWIFT_ACTIVE_COMPILATION_CONDITIONS = DEBUG;
				SWIFT_OPTIMIZATION_LEVEL = "-Onone";
			};
			name = Debug;
		};
		152DD2D729BA202E001288EA /* Release */ = {
			isa = XCBuildConfiguration;
			buildSettings = {
				ALWAYS_SEARCH_USER_PATHS = NO;
				CLANG_ANALYZER_NONNULL = YES;
				CLANG_ANALYZER_NUMBER_OBJECT_CONVERSION = YES_AGGRESSIVE;
				CLANG_CXX_LANGUAGE_STANDARD = "gnu++20";
				CLANG_ENABLE_MODULES = YES;
				CLANG_ENABLE_OBJC_ARC = YES;
				CLANG_ENABLE_OBJC_WEAK = YES;
				CLANG_WARN_BLOCK_CAPTURE_AUTORELEASING = YES;
				CLANG_WARN_BOOL_CONVERSION = YES;
				CLANG_WARN_COMMA = YES;
				CLANG_WARN_CONSTANT_CONVERSION = YES;
				CLANG_WARN_DEPRECATED_OBJC_IMPLEMENTATIONS = YES;
				CLANG_WARN_DIRECT_OBJC_ISA_USAGE = YES_ERROR;
				CLANG_WARN_DOCUMENTATION_COMMENTS = YES;
				CLANG_WARN_EMPTY_BODY = YES;
				CLANG_WARN_ENUM_CONVERSION = YES;
				CLANG_WARN_INFINITE_RECURSION = YES;
				CLANG_WARN_INT_CONVERSION = YES;
				CLANG_WARN_NON_LITERAL_NULL_CONVERSION = YES;
				CLANG_WARN_OBJC_IMPLICIT_RETAIN_SELF = YES;
				CLANG_WARN_OBJC_LITERAL_CONVERSION = YES;
				CLANG_WARN_OBJC_ROOT_CLASS = YES_ERROR;
				CLANG_WARN_QUOTED_INCLUDE_IN_FRAMEWORK_HEADER = YES;
				CLANG_WARN_RANGE_LOOP_ANALYSIS = YES;
				CLANG_WARN_STRICT_PROTOTYPES = YES;
				CLANG_WARN_SUSPICIOUS_MOVE = YES;
				CLANG_WARN_UNGUARDED_AVAILABILITY = YES_AGGRESSIVE;
				CLANG_WARN_UNREACHABLE_CODE = YES;
				CLANG_WARN__DUPLICATE_METHOD_MATCH = YES;
				COPY_PHASE_STRIP = NO;
				DEBUG_INFORMATION_FORMAT = "dwarf-with-dsym";
				ENABLE_NS_ASSERTIONS = NO;
				ENABLE_STRICT_OBJC_MSGSEND = YES;
				GCC_C_LANGUAGE_STANDARD = gnu11;
				GCC_NO_COMMON_BLOCKS = YES;
				GCC_WARN_64_TO_32_BIT_CONVERSION = YES;
				GCC_WARN_ABOUT_RETURN_TYPE = YES_ERROR;
				GCC_WARN_UNDECLARED_SELECTOR = YES;
				GCC_WARN_UNINITIALIZED_AUTOS = YES_AGGRESSIVE;
				GCC_WARN_UNUSED_FUNCTION = YES;
				GCC_WARN_UNUSED_VARIABLE = YES;
				IPHONEOS_DEPLOYMENT_TARGET = 16.1;
				MTL_ENABLE_DEBUG_INFO = NO;
				MTL_FAST_MATH = YES;
				SDKROOT = iphoneos;
				SWIFT_COMPILATION_MODE = wholemodule;
				SWIFT_OPTIMIZATION_LEVEL = "-O";
				VALIDATE_PRODUCT = YES;
			};
			name = Release;
		};
		152DD2D929BA202E001288EA /* Debug */ = {
			isa = XCBuildConfiguration;
			buildSettings = {
				ASSETCATALOG_COMPILER_APPICON_NAME = AppIcon;
				ASSETCATALOG_COMPILER_GLOBAL_ACCENT_COLOR_NAME = AccentColor;
				CODE_SIGN_STYLE = Automatic;
				CURRENT_PROJECT_VERSION = 1;
				DEVELOPMENT_TEAM = 37D4SXVKKL;
				GENERATE_INFOPLIST_FILE = YES;
				INFOPLIST_FILE = inApp/Info.plist;
				INFOPLIST_KEY_UIApplicationSupportsIndirectInputEvents = YES;
				INFOPLIST_KEY_UILaunchStoryboardName = LaunchScreen;
				INFOPLIST_KEY_UIMainStoryboardFile = Main;
				INFOPLIST_KEY_UISupportedInterfaceOrientations_iPad = "UIInterfaceOrientationPortrait UIInterfaceOrientationPortraitUpsideDown UIInterfaceOrientationLandscapeLeft UIInterfaceOrientationLandscapeRight";
				INFOPLIST_KEY_UISupportedInterfaceOrientations_iPhone = "UIInterfaceOrientationPortrait UIInterfaceOrientationLandscapeLeft UIInterfaceOrientationLandscapeRight";
				IPHONEOS_DEPLOYMENT_TARGET = 15.0;
				LD_RUNPATH_SEARCH_PATHS = (
					"$(inherited)",
					"@executable_path/Frameworks",
				);
				MARKETING_VERSION = 1.0;
				PRODUCT_BUNDLE_IDENTIFIER = "PEPUL-TECH-PRIVATE-LIMITED.inApp";
				PRODUCT_NAME = "$(TARGET_NAME)";
				SWIFT_EMIT_LOC_STRINGS = YES;
				SWIFT_VERSION = 5.0;
				TARGETED_DEVICE_FAMILY = "1,2";
			};
			name = Debug;
		};
		152DD2DA29BA202E001288EA /* Release */ = {
			isa = XCBuildConfiguration;
			buildSettings = {
				ASSETCATALOG_COMPILER_APPICON_NAME = AppIcon;
				ASSETCATALOG_COMPILER_GLOBAL_ACCENT_COLOR_NAME = AccentColor;
				CODE_SIGN_STYLE = Automatic;
				CURRENT_PROJECT_VERSION = 1;
				DEVELOPMENT_TEAM = 37D4SXVKKL;
				GENERATE_INFOPLIST_FILE = YES;
				INFOPLIST_FILE = inApp/Info.plist;
				INFOPLIST_KEY_UIApplicationSupportsIndirectInputEvents = YES;
				INFOPLIST_KEY_UILaunchStoryboardName = LaunchScreen;
				INFOPLIST_KEY_UIMainStoryboardFile = Main;
				INFOPLIST_KEY_UISupportedInterfaceOrientations_iPad = "UIInterfaceOrientationPortrait UIInterfaceOrientationPortraitUpsideDown UIInterfaceOrientationLandscapeLeft UIInterfaceOrientationLandscapeRight";
				INFOPLIST_KEY_UISupportedInterfaceOrientations_iPhone = "UIInterfaceOrientationPortrait UIInterfaceOrientationLandscapeLeft UIInterfaceOrientationLandscapeRight";
				IPHONEOS_DEPLOYMENT_TARGET = 15.0;
				LD_RUNPATH_SEARCH_PATHS = (
					"$(inherited)",
					"@executable_path/Frameworks",
				);
				MARKETING_VERSION = 1.0;
				PRODUCT_BUNDLE_IDENTIFIER = "PEPUL-TECH-PRIVATE-LIMITED.inApp";
				PRODUCT_NAME = "$(TARGET_NAME)";
				SWIFT_EMIT_LOC_STRINGS = YES;
				SWIFT_VERSION = 5.0;
				TARGETED_DEVICE_FAMILY = "1,2";
			};
			name = Release;
		};
/* End XCBuildConfiguration section */

/* Begin XCConfigurationList section */
		152DD2BC29BA202D001288EA /* Build configuration list for PBXProject "inApp" */ = {
			isa = XCConfigurationList;
			buildConfigurations = (
				152DD2D629BA202E001288EA /* Debug */,
				152DD2D729BA202E001288EA /* Release */,
			);
			defaultConfigurationIsVisible = 0;
			defaultConfigurationName = Release;
		};
		152DD2D829BA202E001288EA /* Build configuration list for PBXNativeTarget "inApp" */ = {
			isa = XCConfigurationList;
			buildConfigurations = (
				152DD2D929BA202E001288EA /* Debug */,
				152DD2DA29BA202E001288EA /* Release */,
			);
			defaultConfigurationIsVisible = 0;
			defaultConfigurationName = Release;
		};
/* End XCConfigurationList section */

/* Begin XCVersionGroup section */
		152DD2CD29BA202D001288EA /* inApp.xcdatamodeld */ = {
			isa = XCVersionGroup;
			children = (
				152DD2CE29BA202D001288EA /* inApp.xcdatamodel */,
			);
			currentVersion = 152DD2CE29BA202D001288EA /* inApp.xcdatamodel */;
			path = inApp.xcdatamodeld;
			sourceTree = "<group>";
			versionGroupType = wrapper.xcdatamodel;
		};
/* End XCVersionGroup section */
	};
	rootObject = 152DD2B929BA202D001288EA /* Project object */;
}
